
Microsoft Visual Studio Solution File, Format Version 12.00
# Visual Studio 14
VisualStudioVersion = 14.0.25420.1
MinimumVisualStudioVersion = 10.0.40219.1
Project("{FAE04EC0-301F-11D3-BF4B-00C04F79EFBC}") = "ParentChild.Model", "ParentChild.Model\ParentChild.Model.csproj", "{7F56F2AF-D972-44B5-922E-EF7A55706884}"
EndProject
Project("{FAE04EC0-301F-11D3-BF4B-00C04F79EFBC}") = "ParentChild.DAL", "ParentChild.DAL\ParentChild.DAL.csproj", "{5DC43FF8-5D26-48B8-A281-89DC4E25FD7E}"
EndProject
Project("{FAE04EC0-301F-11D3-BF4B-00C04F79EFBC}") = "ParentChild.WebUI", "ParentChild.WebUI\ParentChild.WebUI.csproj", "{7A1F1B7E-AEB8-4300-BB0A-0BBC2F245FC5}"
EndProject
Global
	GlobalSection(SolutionConfigurationPlatforms) = preSolution
		Debug|Any CPU = Debug|Any CPU
		Release|Any CPU = Release|Any CPU
	EndGlobalSection
	GlobalSection(ProjectConfigurationPlatforms) = postSolution
		{7F56F2AF-D972-44B5-922E-EF7A55706884}.Debug|Any CPU.ActiveCfg = Debug|Any CPU
		{7F56F2AF-D972-44B5-922E-EF7A55706884}.Debug|Any CPU.Build.0 = Debug|Any CPU
		{7F56F2AF-D972-44B5-922E-EF7A55706884}.Release|Any CPU.ActiveCfg = Release|Any CPU
		{7F56F2AF-D972-44B5-922E-EF7A55706884}.Release|Any CPU.Build.0 = Release|Any CPU
		{5DC43FF8-5D26-48B8-A281-89DC4E25FD7E}.Debug|Any CPU.ActiveCfg = Debug|Any CPU
		{5DC43FF8-5D26-48B8-A281-89DC4E25FD7E}.Debug|Any CPU.Build.0 = Debug|Any CPU
		{5DC43FF8-5D26-48B8-A281-89DC4E25FD7E}.Release|Any CPU.ActiveCfg = Release|Any CPU
		{5DC43FF8-5D26-48B8-A281-89DC4E25FD7E}.Release|Any CPU.Build.0 = Release|Any CPU
		{7A1F1B7E-AEB8-4300-BB0A-0BBC2F245FC5}.Debug|Any CPU.ActiveCfg = Debug|Any CPU
		{7A1F1B7E-AEB8-4300-BB0A-0BBC2F245FC5}.Debug|Any CPU.Build.0 = Debug|Any CPU
		{7A1F1B7E-AEB8-4300-BB0A-0BBC2F245FC5}.Release|Any CPU.ActiveCfg = Release|Any CPU
		{7A1F1B7E-AEB8-4300-BB0A-0BBC2F245FC5}.Release|Any CPU.Build.0 = Release|Any CPU
	EndGlobalSection
	GlobalSection(SolutionProperties) = preSolution
		HideSolutionNode = FALSE
	EndGlobalSection
EndGlobal
